
Microsoft Visual Studio Solution File, Format Version 12.00
# Visual Studio Version 17
VisualStudioVersion = 17.7.34202.233
MinimumVisualStudioVersion = 10.0.40219.1
Project("{9A19103F-16F7-4668-BE54-9A1E7A4F7556}") = "Server.API", "Server.API\Server.API.csproj", "{B24A37D4-B7C9-46F9-B445-4E9191456C6E}"
EndProject
Project("{9A19103F-16F7-4668-BE54-9A1E7A4F7556}") = "Server.Data", "Server.Data\Server.Data.csproj", "{32AF7C99-2A7D-4236-B882-FF5A3F90CB78}"
EndProject
Project("{9A19103F-16F7-4668-BE54-9A1E7A4F7556}") = "Server.Core", "Server.Core\Server.Core.csproj", "{FE41FB64-04B5-4D0C-AA9B-D59ABCD02E5C}"
EndProject
Project("{9A19103F-16F7-4668-BE54-9A1E7A4F7556}") = "Server.Common", "Server.Common\Server.Common.csproj", "{55494485-9477-45A9-B0DB-0F3D191BE833}"
EndProject
Project("{FAE04EC0-301F-11D3-BF4B-00C04F79EFBC}") = "Server.Domain", "Server.Domain\Server.Domain.csproj", "{7DA64C8E-7857-40F5-8C09-A80791F55DAB}"
EndProject
Global
	GlobalSection(SolutionConfigurationPlatforms) = preSolution
		Debug|Any CPU = Debug|Any CPU
		Release|Any CPU = Release|Any CPU
	EndGlobalSection
	GlobalSection(ProjectConfigurationPlatforms) = postSolution
		{B24A37D4-B7C9-46F9-B445-4E9191456C6E}.Debug|Any CPU.ActiveCfg = Debug|Any CPU
		{B24A37D4-B7C9-46F9-B445-4E9191456C6E}.Debug|Any CPU.Build.0 = Debug|Any CPU
		{B24A37D4-B7C9-46F9-B445-4E9191456C6E}.Release|Any CPU.ActiveCfg = Release|Any CPU
		{B24A37D4-B7C9-46F9-B445-4E9191456C6E}.Release|Any CPU.Build.0 = Release|Any CPU
		{32AF7C99-2A7D-4236-B882-FF5A3F90CB78}.Debug|Any CPU.ActiveCfg = Debug|Any CPU
		{32AF7C99-2A7D-4236-B882-FF5A3F90CB78}.Debug|Any CPU.Build.0 = Debug|Any CPU
		{32AF7C99-2A7D-4236-B882-FF5A3F90CB78}.Release|Any CPU.ActiveCfg = Release|Any CPU
		{32AF7C99-2A7D-4236-B882-FF5A3F90CB78}.Release|Any CPU.Build.0 = Release|Any CPU
		{FE41FB64-04B5-4D0C-AA9B-D59ABCD02E5C}.Debug|Any CPU.ActiveCfg = Debug|Any CPU
		{FE41FB64-04B5-4D0C-AA9B-D59ABCD02E5C}.Debug|Any CPU.Build.0 = Debug|Any CPU
		{FE41FB64-04B5-4D0C-AA9B-D59ABCD02E5C}.Release|Any CPU.ActiveCfg = Release|Any CPU
		{FE41FB64-04B5-4D0C-AA9B-D59ABCD02E5C}.Release|Any CPU.Build.0 = Release|Any CPU
		{55494485-9477-45A9-B0DB-0F3D191BE833}.Debug|Any CPU.ActiveCfg = Debug|Any CPU
		{55494485-9477-45A9-B0DB-0F3D191BE833}.Debug|Any CPU.Build.0 = Debug|Any CPU
		{55494485-9477-45A9-B0DB-0F3D191BE833}.Release|Any CPU.ActiveCfg = Release|Any CPU
		{55494485-9477-45A9-B0DB-0F3D191BE833}.Release|Any CPU.Build.0 = Release|Any CPU
		{7DA64C8E-7857-40F5-8C09-A80791F55DAB}.Debug|Any CPU.ActiveCfg = Debug|Any CPU
		{7DA64C8E-7857-40F5-8C09-A80791F55DAB}.Debug|Any CPU.Build.0 = Debug|Any CPU
		{7DA64C8E-7857-40F5-8C09-A80791F55DAB}.Release|Any CPU.ActiveCfg = Release|Any CPU
		{7DA64C8E-7857-40F5-8C09-A80791F55DAB}.Release|Any CPU.Build.0 = Release|Any CPU
	EndGlobalSection
	GlobalSection(SolutionProperties) = preSolution
		HideSolutionNode = FALSE
	EndGlobalSection
	GlobalSection(ExtensibilityGlobals) = postSolution
		SolutionGuid = {1EB1A54E-D60D-4908-8ABC-8652363C2F8F}
	EndGlobalSection
EndGlobal
